
Microsoft Visual Studio Solution File, Format Version 12.00
# Visual Studio Version 16
VisualStudioVersion = 16.0.34301.259
MinimumVisualStudioVersion = 10.0.40219.1
Project("{FAE04EC0-301F-11D3-BF4B-00C04F79EFBC}") = "BUCKSHOT ROULETTE", "BUCKSHOT ROULETTE.csproj", "{0A7BAA48-1BA8-4C35-869D-559C7F0E39F3}"
EndProject
Global
	GlobalSection(SolutionConfigurationPlatforms) = preSolution
		Debug|Any CPU = Debug|Any CPU
		Release|Any CPU = Release|Any CPU
	EndGlobalSection
	GlobalSection(ProjectConfigurationPlatforms) = postSolution
		{0A7BAA48-1BA8-4C35-869D-559C7F0E39F3}.Debug|Any CPU.ActiveCfg = Debug|Any CPU
		{0A7BAA48-1BA8-4C35-869D-559C7F0E39F3}.Debug|Any CPU.Build.0 = Debug|Any CPU
		{0A7BAA48-1BA8-4C35-869D-559C7F0E39F3}.Release|Any CPU.ActiveCfg = Release|Any CPU
		{0A7BAA48-1BA8-4C35-869D-559C7F0E39F3}.Release|Any CPU.Build.0 = Release|Any CPU
	EndGlobalSection
	GlobalSection(SolutionProperties) = preSolution
		HideSolutionNode = FALSE
	EndGlobalSection
	GlobalSection(ExtensibilityGlobals) = postSolution
		SolutionGuid = {658CA682-D265-484B-A1EE-F9083E3C9F4E}
	EndGlobalSection
EndGlobal
